// !$*UTF8*$!
{
	archiveVersion = 1;
	classes = {
	};
	objectVersion = 46;
	objects = {

/* Begin PBXBuildFile section */
		01AB002A1BFF4FD500EEDF8C /* AXTableViewController.m in Sources */ = {isa = PBXBuildFile; fileRef = 01AB00291BFF4FD500EEDF8C /* AXTableViewController.m */; };
		01AB002D1BFF68BA00EEDF8C /* 37x-Checkmark.png in Resources */ = {isa = PBXBuildFile; fileRef = 01AB002B1BFF68BA00EEDF8C /* 37x-Checkmark.png */; };
		01AB002E1BFF68BA00EEDF8C /* 37x-Checkmark@2x.png in Resources */ = {isa = PBXBuildFile; fileRef = 01AB002C1BFF68BA00EEDF8C /* 37x-Checkmark@2x.png */; };
		01ABFF521BFF0A3E00EEDF8C /* main.m in Sources */ = {isa = PBXBuildFile; fileRef = 01ABFF511BFF0A3E00EEDF8C /* main.m */; };
		01ABFF551BFF0A3E00EEDF8C /* AppDelegate.m in Sources */ = {isa = PBXBuildFile; fileRef = 01ABFF541BFF0A3E00EEDF8C /* AppDelegate.m */; };
		01ABFF581BFF0A3E00EEDF8C /* ViewController.m in Sources */ = {isa = PBXBuildFile; fileRef = 01ABFF571BFF0A3E00EEDF8C /* ViewController.m */; };
		01ABFF5B1BFF0A3E00EEDF8C /* Main.storyboard in Resources */ = {isa = PBXBuildFile; fileRef = 01ABFF591BFF0A3E00EEDF8C /* Main.storyboard */; };
		01ABFF5D1BFF0A3E00EEDF8C /* Assets.xcassets in Resources */ = {isa = PBXBuildFile; fileRef = 01ABFF5C1BFF0A3E00EEDF8C /* Assets.xcassets */; };
		01ABFF601BFF0A3E00EEDF8C /* LaunchScreen.storyboard in Resources */ = {isa = PBXBuildFile; fileRef = 01ABFF5E1BFF0A3E00EEDF8C /* LaunchScreen.storyboard */; };
		01ABFF731BFF0AA200EEDF8C /* AXBarProgressView.m in Sources */ = {isa = PBXBuildFile; fileRef = 01ABFF691BFF0AA200EEDF8C /* AXBarProgressView.m */; };
		01ABFF741BFF0AA200EEDF8C /* AXCircleProgressView.m in Sources */ = {isa = PBXBuildFile; fileRef = 01ABFF6B1BFF0AA200EEDF8C /* AXCircleProgressView.m */; };
		01ABFF751BFF0AA200EEDF8C /* AXGradientProgressView.m in Sources */ = {isa = PBXBuildFile; fileRef = 01ABFF6D1BFF0AA200EEDF8C /* AXGradientProgressView.m */; };
		01ABFF761BFF0AA200EEDF8C /* AXPracticalHUD.bundle in Resources */ = {isa = PBXBuildFile; fileRef = 01ABFF6E1BFF0AA200EEDF8C /* AXPracticalHUD.bundle */; };
		01ABFF771BFF0AA200EEDF8C /* AXPracticalHUD.m in Sources */ = {isa = PBXBuildFile; fileRef = 01ABFF701BFF0AA200EEDF8C /* AXPracticalHUD.m */; };
		01ABFF781BFF0AA200EEDF8C /* AXPracticalHUDContentView.m in Sources */ = {isa = PBXBuildFile; fileRef = 01ABFF721BFF0AA200EEDF8C /* AXPracticalHUDContentView.m */; };
		19AD6AB631E6F488B46FF73E /* Pods_AXPracticalHUD.framework in Frameworks */ = {isa = PBXBuildFile; fileRef = 574ECCB2C4144949818CF2C9 /* Pods_AXPracticalHUD.framework */; };
		DC6665651DA7907300B2D063 /* background.png in Resources */ = {isa = PBXBuildFile; fileRef = DC6665641DA7907300B2D063 /* background.png */; };
		DC7C4BD11EC8989C008E6D66 /* JYMessageBar.m in Sources */ = {isa = PBXBuildFile; fileRef = DC7C4BD01EC8989C008E6D66 /* JYMessageBar.m */; };
		DC9975691F7E2B71008FD921 /* AXPracticalHUDFramework.h in Headers */ = {isa = PBXBuildFile; fileRef = DC9975671F7E2B71008FD921 /* AXPracticalHUDFramework.h */; settings = {ATTRIBUTES = (Public, ); }; };
		DC99756C1F7E2B71008FD921 /* AXPracticalHUD.framework in Frameworks */ = {isa = PBXBuildFile; fileRef = DC9975651F7E2B71008FD921 /* AXPracticalHUD.framework */; };
		DC99756D1F7E2B71008FD921 /* AXPracticalHUD.framework in Embed Frameworks */ = {isa = PBXBuildFile; fileRef = DC9975651F7E2B71008FD921 /* AXPracticalHUD.framework */; settings = {ATTRIBUTES = (CodeSignOnCopy, RemoveHeadersOnCopy, ); }; };
		DC9975721F7E2BA0008FD921 /* AXPracticalHUD.h in Sources */ = {isa = PBXBuildFile; fileRef = 01ABFF6F1BFF0AA200EEDF8C /* AXPracticalHUD.h */; };
		DC9975731F7E2BA0008FD921 /* AXPracticalHUD.m in Sources */ = {isa = PBXBuildFile; fileRef = 01ABFF701BFF0AA200EEDF8C /* AXPracticalHUD.m */; };
		DC9975741F7E2BA0008FD921 /* AXBarProgressView.h in Sources */ = {isa = PBXBuildFile; fileRef = 01ABFF681BFF0AA200EEDF8C /* AXBarProgressView.h */; };
		DC9975751F7E2BA0008FD921 /* AXBarProgressView.m in Sources */ = {isa = PBXBuildFile; fileRef = 01ABFF691BFF0AA200EEDF8C /* AXBarProgressView.m */; };
		DC9975761F7E2BA0008FD921 /* AXCircleProgressView.h in Sources */ = {isa = PBXBuildFile; fileRef = 01ABFF6A1BFF0AA200EEDF8C /* AXCircleProgressView.h */; };
		DC9975771F7E2BA0008FD921 /* AXCircleProgressView.m in Sources */ = {isa = PBXBuildFile; fileRef = 01ABFF6B1BFF0AA200EEDF8C /* AXCircleProgressView.m */; };
		DC9975781F7E2BA0008FD921 /* AXGradientProgressView.h in Sources */ = {isa = PBXBuildFile; fileRef = 01ABFF6C1BFF0AA200EEDF8C /* AXGradientProgressView.h */; };
		DC9975791F7E2BA0008FD921 /* AXGradientProgressView.m in Sources */ = {isa = PBXBuildFile; fileRef = 01ABFF6D1BFF0AA200EEDF8C /* AXGradientProgressView.m */; };
		DC99757A1F7E2BA0008FD921 /* AXPracticalHUDContentView.h in Sources */ = {isa = PBXBuildFile; fileRef = 01ABFF711BFF0AA200EEDF8C /* AXPracticalHUDContentView.h */; };
		DC99757B1F7E2BA0008FD921 /* AXPracticalHUDContentView.m in Sources */ = {isa = PBXBuildFile; fileRef = 01ABFF721BFF0AA200EEDF8C /* AXPracticalHUDContentView.m */; };
		DC99757C1F7E2BB4008FD921 /* AXPracticalHUD.bundle in Resources */ = {isa = PBXBuildFile; fileRef = 01ABFF6E1BFF0AA200EEDF8C /* AXPracticalHUD.bundle */; };
		DC99757D1F7E2BBD008FD921 /* AXPracticalHUD.h in Headers */ = {isa = PBXBuildFile; fileRef = 01ABFF6F1BFF0AA200EEDF8C /* AXPracticalHUD.h */; settings = {ATTRIBUTES = (Public, ); }; };
		DC99757E1F7E2BCB008FD921 /* AXBarProgressView.h in Headers */ = {isa = PBXBuildFile; fileRef = 01ABFF681BFF0AA200EEDF8C /* AXBarProgressView.h */; settings = {ATTRIBUTES = (Public, ); }; };
		DC99757F1F7E2BCB008FD921 /* AXCircleProgressView.h in Headers */ = {isa = PBXBuildFile; fileRef = 01ABFF6A1BFF0AA200EEDF8C /* AXCircleProgressView.h */; settings = {ATTRIBUTES = (Public, ); }; };
		DC9975801F7E2BCB008FD921 /* AXGradientProgressView.h in Headers */ = {isa = PBXBuildFile; fileRef = 01ABFF6C1BFF0AA200EEDF8C /* AXGradientProgressView.h */; settings = {ATTRIBUTES = (Public, ); }; };
		DC9975811F7E2BCB008FD921 /* AXPracticalHUDContentView.h in Headers */ = {isa = PBXBuildFile; fileRef = 01ABFF711BFF0AA200EEDF8C /* AXPracticalHUDContentView.h */; settings = {ATTRIBUTES = (Public, ); }; };
		DC9975891F7E2F7A008FD921 /* AXIndicatorView.framework in Frameworks */ = {isa = PBXBuildFile; fileRef = DC9975881F7E2F7A008FD921 /* AXIndicatorView.framework */; };
		DCB52EBD1ECACBE2009A4028 /* TestsTableViewController.m in Sources */ = {isa = PBXBuildFile; fileRef = DCB52EBC1ECACBE2009A4028 /* TestsTableViewController.m */; };
/* End PBXBuildFile section */

/* Begin PBXContainerItemProxy section */
		DC99756A1F7E2B71008FD921 /* PBXContainerItemProxy */ = {
			isa = PBXContainerItemProxy;
			containerPortal = 01ABFF451BFF0A3E00EEDF8C /* Project object */;
			proxyType = 1;
			remoteGlobalIDString = DC9975641F7E2B71008FD921;
			remoteInfo = AXPracticalHUDFramework;
		};
/* End PBXContainerItemProxy section */

/* Begin PBXCopyFilesBuildPhase section */
		DC9975711F7E2B71008FD921 /* Embed Frameworks */ = {
			isa = PBXCopyFilesBuildPhase;
			buildActionMask = 2147483647;
			dstPath = "";
			dstSubfolderSpec = 10;
			files = (
				DC99756D1F7E2B71008FD921 /* AXPracticalHUD.framework in Embed Frameworks */,
			);
			name = "Embed Frameworks";
			runOnlyForDeploymentPostprocessing = 0;
		};
/* End PBXCopyFilesBuildPhase section */

/* Begin PBXFileReference section */
		01AB00281BFF4FD500EEDF8C /* AXTableViewController.h */ = {isa = PBXFileReference; fileEncoding = 4; lastKnownFileType = sourcecode.c.h; path = AXTableViewController.h; sourceTree = "<group>"; };
		01AB00291BFF4FD500EEDF8C /* AXTableViewController.m */ = {isa = PBXFileReference; fileEncoding = 4; lastKnownFileType = sourcecode.c.objc; path = AXTableViewController.m; sourceTree = "<group>"; };
		01AB002B1BFF68BA00EEDF8C /* 37x-Checkmark.png */ = {isa = PBXFileReference; lastKnownFileType = image.png; path = "37x-Checkmark.png"; sourceTree = "<group>"; };
		01AB002C1BFF68BA00EEDF8C /* 37x-Checkmark@2x.png */ = {isa = PBXFileReference; lastKnownFileType = image.png; path = "37x-Checkmark@2x.png"; sourceTree = "<group>"; };
		01ABFF4D1BFF0A3E00EEDF8C /* AXPracticalHUD.app */ = {isa = PBXFileReference; explicitFileType = wrapper.application; includeInIndex = 0; path = AXPracticalHUD.app; sourceTree = BUILT_PRODUCTS_DIR; };
		01ABFF511BFF0A3E00EEDF8C /* main.m */ = {isa = PBXFileReference; lastKnownFileType = sourcecode.c.objc; path = main.m; sourceTree = "<group>"; };
		01ABFF531BFF0A3E00EEDF8C /* AppDelegate.h */ = {isa = PBXFileReference; lastKnownFileType = sourcecode.c.h; path = AppDelegate.h; sourceTree = "<group>"; };
		01ABFF541BFF0A3E00EEDF8C /* AppDelegate.m */ = {isa = PBXFileReference; lastKnownFileType = sourcecode.c.objc; path = AppDelegate.m; sourceTree = "<group>"; };
		01ABFF561BFF0A3E00EEDF8C /* ViewController.h */ = {isa = PBXFileReference; lastKnownFileType = sourcecode.c.h; path = ViewController.h; sourceTree = "<group>"; };
		01ABFF571BFF0A3E00EEDF8C /* ViewController.m */ = {isa = PBXFileReference; lastKnownFileType = sourcecode.c.objc; path = ViewController.m; sourceTree = "<group>"; };
		01ABFF5A1BFF0A3E00EEDF8C /* Base */ = {isa = PBXFileReference; lastKnownFileType = file.storyboard; name = Base; path = Base.lproj/Main.storyboard; sourceTree = "<group>"; };
		01ABFF5C1BFF0A3E00EEDF8C /* Assets.xcassets */ = {isa = PBXFileReference; lastKnownFileType = folder.assetcatalog; path = Assets.xcassets; sourceTree = "<group>"; };
		01ABFF5F1BFF0A3E00EEDF8C /* Base */ = {isa = PBXFileReference; lastKnownFileType = file.storyboard; name = Base; path = Base.lproj/LaunchScreen.storyboard; sourceTree = "<group>"; };
		01ABFF611BFF0A3E00EEDF8C /* Info.plist */ = {isa = PBXFileReference; lastKnownFileType = text.plist.xml; path = Info.plist; sourceTree = "<group>"; };
		01ABFF681BFF0AA200EEDF8C /* AXBarProgressView.h */ = {isa = PBXFileReference; fileEncoding = 4; lastKnownFileType = sourcecode.c.h; path = AXBarProgressView.h; sourceTree = "<group>"; };
		01ABFF691BFF0AA200EEDF8C /* AXBarProgressView.m */ = {isa = PBXFileReference; fileEncoding = 4; lastKnownFileType = sourcecode.c.objc; path = AXBarProgressView.m; sourceTree = "<group>"; };
		01ABFF6A1BFF0AA200EEDF8C /* AXCircleProgressView.h */ = {isa = PBXFileReference; fileEncoding = 4; lastKnownFileType = sourcecode.c.h; path = AXCircleProgressView.h; sourceTree = "<group>"; };
		01ABFF6B1BFF0AA200EEDF8C /* AXCircleProgressView.m */ = {isa = PBXFileReference; fileEncoding = 4; lastKnownFileType = sourcecode.c.objc; path = AXCircleProgressView.m; sourceTree = "<group>"; };
		01ABFF6C1BFF0AA200EEDF8C /* AXGradientProgressView.h */ = {isa = PBXFileReference; fileEncoding = 4; lastKnownFileType = sourcecode.c.h; path = AXGradientProgressView.h; sourceTree = "<group>"; };
		01ABFF6D1BFF0AA200EEDF8C /* AXGradientProgressView.m */ = {isa = PBXFileReference; fileEncoding = 4; lastKnownFileType = sourcecode.c.objc; path = AXGradientProgressView.m; sourceTree = "<group>"; };
		01ABFF6E1BFF0AA200EEDF8C /* AXPracticalHUD.bundle */ = {isa = PBXFileReference; lastKnownFileType = "wrapper.plug-in"; path = AXPracticalHUD.bundle; sourceTree = "<group>"; };
		01ABFF6F1BFF0AA200EEDF8C /* AXPracticalHUD.h */ = {isa = PBXFileReference; fileEncoding = 4; lastKnownFileType = sourcecode.c.h; path = AXPracticalHUD.h; sourceTree = "<group>"; };
		01ABFF701BFF0AA200EEDF8C /* AXPracticalHUD.m */ = {isa = PBXFileReference; fileEncoding = 4; lastKnownFileType = sourcecode.c.objc; path = AXPracticalHUD.m; sourceTree = "<group>"; };
		01ABFF711BFF0AA200EEDF8C /* AXPracticalHUDContentView.h */ = {isa = PBXFileReference; fileEncoding = 4; lastKnownFileType = sourcecode.c.h; path = AXPracticalHUDContentView.h; sourceTree = "<group>"; };
		01ABFF721BFF0AA200EEDF8C /* AXPracticalHUDContentView.m */ = {isa = PBXFileReference; fileEncoding = 4; lastKnownFileType = sourcecode.c.objc; path = AXPracticalHUDContentView.m; sourceTree = "<group>"; };
		269C6E62371C72E181B29DD1 /* Pods-AXPracticalHUD.release.xcconfig */ = {isa = PBXFileReference; includeInIndex = 1; lastKnownFileType = text.xcconfig; name = "Pods-AXPracticalHUD.release.xcconfig"; path = "Pods/Target Support Files/Pods-AXPracticalHUD/Pods-AXPracticalHUD.release.xcconfig"; sourceTree = "<group>"; };
		2D5D374875714F82D4B500F9 /* Pods-AXPracticalHUD.debug.xcconfig */ = {isa = PBXFileReference; includeInIndex = 1; lastKnownFileType = text.xcconfig; name = "Pods-AXPracticalHUD.debug.xcconfig"; path = "Pods/Target Support Files/Pods-AXPracticalHUD/Pods-AXPracticalHUD.debug.xcconfig"; sourceTree = "<group>"; };
		574ECCB2C4144949818CF2C9 /* Pods_AXPracticalHUD.framework */ = {isa = PBXFileReference; explicitFileType = wrapper.framework; includeInIndex = 0; path = Pods_AXPracticalHUD.framework; sourceTree = BUILT_PRODUCTS_DIR; };
		DC6665641DA7907300B2D063 /* background.png */ = {isa = PBXFileReference; lastKnownFileType = image.png; path = background.png; sourceTree = "<group>"; };
		DC7C4BCF1EC8989C008E6D66 /* JYMessageBar.h */ = {isa = PBXFileReference; fileEncoding = 4; lastKnownFileType = sourcecode.c.h; path = JYMessageBar.h; sourceTree = "<group>"; };
		DC7C4BD01EC8989C008E6D66 /* JYMessageBar.m */ = {isa = PBXFileReference; fileEncoding = 4; lastKnownFileType = sourcecode.c.objc; path = JYMessageBar.m; sourceTree = "<group>"; };
		DC9975651F7E2B71008FD921 /* AXPracticalHUD.framework */ = {isa = PBXFileReference; explicitFileType = wrapper.framework; includeInIndex = 0; path = AXPracticalHUD.framework; sourceTree = BUILT_PRODUCTS_DIR; };
		DC9975671F7E2B71008FD921 /* AXPracticalHUDFramework.h */ = {isa = PBXFileReference; lastKnownFileType = sourcecode.c.h; path = AXPracticalHUDFramework.h; sourceTree = "<group>"; };
		DC9975681F7E2B71008FD921 /* Info.plist */ = {isa = PBXFileReference; lastKnownFileType = text.plist.xml; path = Info.plist; sourceTree = "<group>"; };
		DC9975871F7E2F69008FD921 /* AXIndicatorView.framework */ = {isa = PBXFileReference; explicitFileType = wrapper.framework; path = AXIndicatorView.framework; sourceTree = BUILT_PRODUCTS_DIR; };
		DC9975881F7E2F7A008FD921 /* AXIndicatorView.framework */ = {isa = PBXFileReference; lastKnownFileType = wrapper.framework; name = AXIndicatorView.framework; path = Carthage/Build/iOS/AXIndicatorView.framework; sourceTree = "<group>"; };
		DCB52EBB1ECACBE2009A4028 /* TestsTableViewController.h */ = {isa = PBXFileReference; fileEncoding = 4; lastKnownFileType = sourcecode.c.h; path = TestsTableViewController.h; sourceTree = "<group>"; };
		DCB52EBC1ECACBE2009A4028 /* TestsTableViewController.m */ = {isa = PBXFileReference; fileEncoding = 4; lastKnownFileType = sourcecode.c.objc; path = TestsTableViewController.m; sourceTree = "<group>"; };
/* End PBXFileReference section */

/* Begin PBXFrameworksBuildPhase section */
		01ABFF4A1BFF0A3E00EEDF8C /* Frameworks */ = {
			isa = PBXFrameworksBuildPhase;
			buildActionMask = 2147483647;
			files = (
				DC99756C1F7E2B71008FD921 /* AXPracticalHUD.framework in Frameworks */,
				19AD6AB631E6F488B46FF73E /* Pods_AXPracticalHUD.framework in Frameworks */,
			);
			runOnlyForDeploymentPostprocessing = 0;
		};
		DC9975611F7E2B71008FD921 /* Frameworks */ = {
			isa = PBXFrameworksBuildPhase;
			buildActionMask = 2147483647;
			files = (
				DC9975891F7E2F7A008FD921 /* AXIndicatorView.framework in Frameworks */,
			);
			runOnlyForDeploymentPostprocessing = 0;
		};
/* End PBXFrameworksBuildPhase section */

/* Begin PBXGroup section */
		01ABFF441BFF0A3D00EEDF8C = {
			isa = PBXGroup;
			children = (
				01ABFF4F1BFF0A3E00EEDF8C /* AXPracticalHUD */,
				DC9975661F7E2B71008FD921 /* AXPracticalHUDFramework */,
				01ABFF4E1BFF0A3E00EEDF8C /* Products */,
				DE0F4661E98654ADD43A48C5 /* Pods */,
				2B2C8E1C5669A465B5A7A8DD /* Frameworks */,
			);
			sourceTree = "<group>";
		};
		01ABFF4E1BFF0A3E00EEDF8C /* Products */ = {
			isa = PBXGroup;
			children = (
				01ABFF4D1BFF0A3E00EEDF8C /* AXPracticalHUD.app */,
				DC9975651F7E2B71008FD921 /* AXPracticalHUD.framework */,
			);
			name = Products;
			sourceTree = "<group>";
		};
		01ABFF4F1BFF0A3E00EEDF8C /* AXPracticalHUD */ = {
			isa = PBXGroup;
			children = (
				01ABFF531BFF0A3E00EEDF8C /* AppDelegate.h */,
				01ABFF541BFF0A3E00EEDF8C /* AppDelegate.m */,
				01ABFF561BFF0A3E00EEDF8C /* ViewController.h */,
				01ABFF571BFF0A3E00EEDF8C /* ViewController.m */,
				01AB00281BFF4FD500EEDF8C /* AXTableViewController.h */,
				01AB00291BFF4FD500EEDF8C /* AXTableViewController.m */,
				DCB52EBA1ECACBBE009A4028 /* Tests */,
				DC7C4BCE1EC8989C008E6D66 /* JYMessageBar */,
				01ABFF671BFF0AA200EEDF8C /* AXPracticalHUD */,
				01ABFF591BFF0A3E00EEDF8C /* Main.storyboard */,
				01ABFF5C1BFF0A3E00EEDF8C /* Assets.xcassets */,
				01AB002B1BFF68BA00EEDF8C /* 37x-Checkmark.png */,
				01AB002C1BFF68BA00EEDF8C /* 37x-Checkmark@2x.png */,
				DC6665641DA7907300B2D063 /* background.png */,
				01ABFF5E1BFF0A3E00EEDF8C /* LaunchScreen.storyboard */,
				01ABFF611BFF0A3E00EEDF8C /* Info.plist */,
				01ABFF501BFF0A3E00EEDF8C /* Supporting Files */,
			);
			path = AXPracticalHUD;
			sourceTree = "<group>";
		};
		01ABFF501BFF0A3E00EEDF8C /* Supporting Files */ = {
			isa = PBXGroup;
			children = (
				01ABFF511BFF0A3E00EEDF8C /* main.m */,
			);
			name = "Supporting Files";
			sourceTree = "<group>";
		};
		01ABFF671BFF0AA200EEDF8C /* AXPracticalHUD */ = {
			isa = PBXGroup;
			children = (
				01ABFF6F1BFF0AA200EEDF8C /* AXPracticalHUD.h */,
				01ABFF701BFF0AA200EEDF8C /* AXPracticalHUD.m */,
				01ABFF6E1BFF0AA200EEDF8C /* AXPracticalHUD.bundle */,
				DC5DE49E1DA6A68300C58AD5 /* Progress */,
				DC5DE49F1DA6A6C100C58AD5 /* ContentView */,
			);
			path = AXPracticalHUD;
			sourceTree = "<group>";
		};
		2B2C8E1C5669A465B5A7A8DD /* Frameworks */ = {
			isa = PBXGroup;
			children = (
				DC9975871F7E2F69008FD921 /* AXIndicatorView.framework */,
				DC9975881F7E2F7A008FD921 /* AXIndicatorView.framework */,
				574ECCB2C4144949818CF2C9 /* Pods_AXPracticalHUD.framework */,
			);
			name = Frameworks;
			sourceTree = "<group>";
		};
		DC5DE49E1DA6A68300C58AD5 /* Progress */ = {
			isa = PBXGroup;
			children = (
				01ABFF681BFF0AA200EEDF8C /* AXBarProgressView.h */,
				01ABFF691BFF0AA200EEDF8C /* AXBarProgressView.m */,
				01ABFF6A1BFF0AA200EEDF8C /* AXCircleProgressView.h */,
				01ABFF6B1BFF0AA200EEDF8C /* AXCircleProgressView.m */,
				01ABFF6C1BFF0AA200EEDF8C /* AXGradientProgressView.h */,
				01ABFF6D1BFF0AA200EEDF8C /* AXGradientProgressView.m */,
			);
			name = Progress;
			sourceTree = "<group>";
		};
		DC5DE49F1DA6A6C100C58AD5 /* ContentView */ = {
			isa = PBXGroup;
			children = (
				01ABFF711BFF0AA200EEDF8C /* AXPracticalHUDContentView.h */,
				01ABFF721BFF0AA200EEDF8C /* AXPracticalHUDContentView.m */,
			);
			name = ContentView;
			sourceTree = "<group>";
		};
		DC7C4BCE1EC8989C008E6D66 /* JYMessageBar */ = {
			isa = PBXGroup;
			children = (
				DC7C4BCF1EC8989C008E6D66 /* JYMessageBar.h */,
				DC7C4BD01EC8989C008E6D66 /* JYMessageBar.m */,
			);
			path = JYMessageBar;
			sourceTree = "<group>";
		};
		DC9975661F7E2B71008FD921 /* AXPracticalHUDFramework */ = {
			isa = PBXGroup;
			children = (
				DC9975671F7E2B71008FD921 /* AXPracticalHUDFramework.h */,
				DC9975681F7E2B71008FD921 /* Info.plist */,
			);
			path = AXPracticalHUDFramework;
			sourceTree = "<group>";
		};
		DCB52EBA1ECACBBE009A4028 /* Tests */ = {
			isa = PBXGroup;
			children = (
				DCB52EBB1ECACBE2009A4028 /* TestsTableViewController.h */,
				DCB52EBC1ECACBE2009A4028 /* TestsTableViewController.m */,
			);
			path = Tests;
			sourceTree = "<group>";
		};
		DE0F4661E98654ADD43A48C5 /* Pods */ = {
			isa = PBXGroup;
			children = (
				2D5D374875714F82D4B500F9 /* Pods-AXPracticalHUD.debug.xcconfig */,
				269C6E62371C72E181B29DD1 /* Pods-AXPracticalHUD.release.xcconfig */,
			);
			name = Pods;
			sourceTree = "<group>";
		};
/* End PBXGroup section */

/* Begin PBXHeadersBuildPhase section */
		DC9975621F7E2B71008FD921 /* Headers */ = {
			isa = PBXHeadersBuildPhase;
			buildActionMask = 2147483647;
			files = (
				DC9975691F7E2B71008FD921 /* AXPracticalHUDFramework.h in Headers */,
				DC99757E1F7E2BCB008FD921 /* AXBarProgressView.h in Headers */,
				DC99757F1F7E2BCB008FD921 /* AXCircleProgressView.h in Headers */,
				DC9975801F7E2BCB008FD921 /* AXGradientProgressView.h in Headers */,
				DC9975811F7E2BCB008FD921 /* AXPracticalHUDContentView.h in Headers */,
				DC99757D1F7E2BBD008FD921 /* AXPracticalHUD.h in Headers */,
			);
			runOnlyForDeploymentPostprocessing = 0;
		};
/* End PBXHeadersBuildPhase section */

/* Begin PBXNativeTarget section */
		01ABFF4C1BFF0A3E00EEDF8C /* AXPracticalHUD */ = {
			isa = PBXNativeTarget;
			buildConfigurationList = 01ABFF641BFF0A3E00EEDF8C /* Build configuration list for PBXNativeTarget "AXPracticalHUD" */;
			buildPhases = (
				4DA2D5F09243302251620952 /* [CP] Check Pods Manifest.lock */,
				01ABFF491BFF0A3E00EEDF8C /* Sources */,
				01ABFF4A1BFF0A3E00EEDF8C /* Frameworks */,
				01ABFF4B1BFF0A3E00EEDF8C /* Resources */,
				5BAAD80CB75970C6174538F5 /* [CP] Embed Pods Frameworks */,
				2100B4AA15E675EDA162579F /* [CP] Copy Pods Resources */,
				DC9975711F7E2B71008FD921 /* Embed Frameworks */,
			);
			buildRules = (
			);
			dependencies = (
				DC99756B1F7E2B71008FD921 /* PBXTargetDependency */,
			);
			name = AXPracticalHUD;
			productName = AXPracticalHUD;
			productReference = 01ABFF4D1BFF0A3E00EEDF8C /* AXPracticalHUD.app */;
			productType = "com.apple.product-type.application";
		};
		DC9975641F7E2B71008FD921 /* AXPracticalHUDFramework */ = {
			isa = PBXNativeTarget;
			buildConfigurationList = DC9975701F7E2B71008FD921 /* Build configuration list for PBXNativeTarget "AXPracticalHUDFramework" */;
			buildPhases = (
				DC9975601F7E2B71008FD921 /* Sources */,
				DC9975611F7E2B71008FD921 /* Frameworks */,
				DC9975621F7E2B71008FD921 /* Headers */,
				DC9975631F7E2B71008FD921 /* Resources */,
			);
			buildRules = (
			);
			dependencies = (
			);
			name = AXPracticalHUDFramework;
			productName = AXPracticalHUDFramework;
			productReference = DC9975651F7E2B71008FD921 /* AXPracticalHUD.framework */;
			productType = "com.apple.product-type.framework";
		};
/* End PBXNativeTarget section */

/* Begin PBXProject section */
		01ABFF451BFF0A3E00EEDF8C /* Project object */ = {
			isa = PBXProject;
			attributes = {
				LastUpgradeCheck = 0710;
				ORGANIZATIONNAME = AiXing;
				TargetAttributes = {
					01ABFF4C1BFF0A3E00EEDF8C = {
						CreatedOnToolsVersion = 7.1.1;
						DevelopmentTeam = TKA48YVS5T;
					};
					DC9975641F7E2B71008FD921 = {
						CreatedOnToolsVersion = 9.0;
						DevelopmentTeam = TKA48YVS5T;
						ProvisioningStyle = Automatic;
					};
				};
			};
			buildConfigurationList = 01ABFF481BFF0A3E00EEDF8C /* Build configuration list for PBXProject "AXPracticalHUD" */;
			compatibilityVersion = "Xcode 3.2";
			developmentRegion = English;
			hasScannedForEncodings = 0;
			knownRegions = (
				en,
				Base,
			);
			mainGroup = 01ABFF441BFF0A3D00EEDF8C;
			productRefGroup = 01ABFF4E1BFF0A3E00EEDF8C /* Products */;
			projectDirPath = "";
			projectRoot = "";
			targets = (
				01ABFF4C1BFF0A3E00EEDF8C /* AXPracticalHUD */,
				DC9975641F7E2B71008FD921 /* AXPracticalHUDFramework */,
			);
		};
/* End PBXProject section */

/* Begin PBXResourcesBuildPhase section */
		01ABFF4B1BFF0A3E00EEDF8C /* Resources */ = {
			isa = PBXResourcesBuildPhase;
			buildActionMask = 2147483647;
			files = (
				01ABFF601BFF0A3E00EEDF8C /* LaunchScreen.storyboard in Resources */,
				01ABFF5D1BFF0A3E00EEDF8C /* Assets.xcassets in Resources */,
				DC6665651DA7907300B2D063 /* background.png in Resources */,
				01ABFF761BFF0AA200EEDF8C /* AXPracticalHUD.bundle in Resources */,
				01ABFF5B1BFF0A3E00EEDF8C /* Main.storyboard in Resources */,
				01AB002D1BFF68BA00EEDF8C /* 37x-Checkmark.png in Resources */,
				01AB002E1BFF68BA00EEDF8C /* 37x-Checkmark@2x.png in Resources */,
			);
			runOnlyForDeploymentPostprocessing = 0;
		};
		DC9975631F7E2B71008FD921 /* Resources */ = {
			isa = PBXResourcesBuildPhase;
			buildActionMask = 2147483647;
			files = (
				DC99757C1F7E2BB4008FD921 /* AXPracticalHUD.bundle in Resources */,
			);
			runOnlyForDeploymentPostprocessing = 0;
		};
/* End PBXResourcesBuildPhase section */

/* Begin PBXShellScriptBuildPhase section */
		2100B4AA15E675EDA162579F /* [CP] Copy Pods Resources */ = {
			isa = PBXShellScriptBuildPhase;
			buildActionMask = 2147483647;
			files = (
			);
			inputPaths = (
			);
			name = "[CP] Copy Pods Resources";
			outputPaths = (
			);
			runOnlyForDeploymentPostprocessing = 0;
			shellPath = /bin/sh;
			shellScript = "\"${SRCROOT}/Pods/Target Support Files/Pods-AXPracticalHUD/Pods-AXPracticalHUD-resources.sh\"\n";
			showEnvVarsInLog = 0;
		};
		4DA2D5F09243302251620952 /* [CP] Check Pods Manifest.lock */ = {
			isa = PBXShellScriptBuildPhase;
			buildActionMask = 2147483647;
			files = (
			);
			inputPaths = (
			);
			name = "[CP] Check Pods Manifest.lock";
			outputPaths = (
			);
			runOnlyForDeploymentPostprocessing = 0;
			shellPath = /bin/sh;
			shellScript = "diff \"${PODS_ROOT}/../Podfile.lock\" \"${PODS_ROOT}/Manifest.lock\" > /dev/null\nif [ $? != 0 ] ; then\n    # print error to STDERR\n    echo \"error: The sandbox is not in sync with the Podfile.lock. Run 'pod install' or update your CocoaPods installation.\" >&2\n    exit 1\nfi\n";
			showEnvVarsInLog = 0;
		};
		5BAAD80CB75970C6174538F5 /* [CP] Embed Pods Frameworks */ = {
			isa = PBXShellScriptBuildPhase;
			buildActionMask = 2147483647;
			files = (
			);
			inputPaths = (
			);
			name = "[CP] Embed Pods Frameworks";
			outputPaths = (
			);
			runOnlyForDeploymentPostprocessing = 0;
			shellPath = /bin/sh;
			shellScript = "\"${SRCROOT}/Pods/Target Support Files/Pods-AXPracticalHUD/Pods-AXPracticalHUD-frameworks.sh\"\n";
			showEnvVarsInLog = 0;
		};
/* End PBXShellScriptBuildPhase section */

/* Begin PBXSourcesBuildPhase section */
		01ABFF491BFF0A3E00EEDF8C /* Sources */ = {
			isa = PBXSourcesBuildPhase;
			buildActionMask = 2147483647;
			files = (
				01ABFF771BFF0AA200EEDF8C /* AXPracticalHUD.m in Sources */,
				DCB52EBD1ECACBE2009A4028 /* TestsTableViewController.m in Sources */,
				01ABFF781BFF0AA200EEDF8C /* AXPracticalHUDContentView.m in Sources */,
				01ABFF731BFF0AA200EEDF8C /* AXBarProgressView.m in Sources */,
				01ABFF741BFF0AA200EEDF8C /* AXCircleProgressView.m in Sources */,
				01AB002A1BFF4FD500EEDF8C /* AXTableViewController.m in Sources */,
				01ABFF581BFF0A3E00EEDF8C /* ViewController.m in Sources */,
				01ABFF551BFF0A3E00EEDF8C /* AppDelegate.m in Sources */,
				01ABFF751BFF0AA200EEDF8C /* AXGradientProgressView.m in Sources */,
				DC7C4BD11EC8989C008E6D66 /* JYMessageBar.m in Sources */,
				01ABFF521BFF0A3E00EEDF8C /* main.m in Sources */,
			);
			runOnlyForDeploymentPostprocessing = 0;
		};
		DC9975601F7E2B71008FD921 /* Sources */ = {
			isa = PBXSourcesBuildPhase;
			buildActionMask = 2147483647;
			files = (
				DC9975721F7E2BA0008FD921 /* AXPracticalHUD.h in Sources */,
				DC9975731F7E2BA0008FD921 /* AXPracticalHUD.m in Sources */,
				DC9975741F7E2BA0008FD921 /* AXBarProgressView.h in Sources */,
				DC9975751F7E2BA0008FD921 /* AXBarProgressView.m in Sources */,
				DC9975761F7E2BA0008FD921 /* AXCircleProgressView.h in Sources */,
				DC9975771F7E2BA0008FD921 /* AXCircleProgressView.m in Sources */,
				DC9975781F7E2BA0008FD921 /* AXGradientProgressView.h in Sources */,
				DC9975791F7E2BA0008FD921 /* AXGradientProgressView.m in Sources */,
				DC99757A1F7E2BA0008FD921 /* AXPracticalHUDContentView.h in Sources */,
				DC99757B1F7E2BA0008FD921 /* AXPracticalHUDContentView.m in Sources */,
			);
			runOnlyForDeploymentPostprocessing = 0;
		};
/* End PBXSourcesBuildPhase section */

/* Begin PBXTargetDependency section */
		DC99756B1F7E2B71008FD921 /* PBXTargetDependency */ = {
			isa = PBXTargetDependency;
			target = DC9975641F7E2B71008FD921 /* AXPracticalHUDFramework */;
			targetProxy = DC99756A1F7E2B71008FD921 /* PBXContainerItemProxy */;
		};
/* End PBXTargetDependency section */

/* Begin PBXVariantGroup section */
		01ABFF591BFF0A3E00EEDF8C /* Main.storyboard */ = {
			isa = PBXVariantGroup;
			children = (
				01ABFF5A1BFF0A3E00EEDF8C /* Base */,
			);
			name = Main.storyboard;
			sourceTree = "<group>";
		};
		01ABFF5E1BFF0A3E00EEDF8C /* LaunchScreen.storyboard */ = {
			isa = PBXVariantGroup;
			children = (
				01ABFF5F1BFF0A3E00EEDF8C /* Base */,
			);
			name = LaunchScreen.storyboard;
			sourceTree = "<group>";
		};
/* End PBXVariantGroup section */

/* Begin XCBuildConfiguration section */
		01ABFF621BFF0A3E00EEDF8C /* Debug */ = {
			isa = XCBuildConfiguration;
			buildSettings = {
				ALWAYS_SEARCH_USER_PATHS = NO;
				CLANG_CXX_LANGUAGE_STANDARD = "gnu++0x";
				CLANG_CXX_LIBRARY = "libc++";
				CLANG_ENABLE_MODULES = YES;
				CLANG_ENABLE_OBJC_ARC = YES;
				CLANG_WARN_BOOL_CONVERSION = YES;
				CLANG_WARN_CONSTANT_CONVERSION = YES;
				CLANG_WARN_DIRECT_OBJC_ISA_USAGE = YES_ERROR;
				CLANG_WARN_EMPTY_BODY = YES;
				CLANG_WARN_ENUM_CONVERSION = YES;
				CLANG_WARN_INT_CONVERSION = YES;
				CLANG_WARN_OBJC_ROOT_CLASS = YES_ERROR;
				CLANG_WARN_UNREACHABLE_CODE = YES;
				CLANG_WARN__DUPLICATE_METHOD_MATCH = YES;
				"CODE_SIGN_IDENTITY[sdk=iphoneos*]" = "iPhone Developer";
				COPY_PHASE_STRIP = NO;
				DEBUG_INFORMATION_FORMAT = dwarf;
				ENABLE_STRICT_OBJC_MSGSEND = YES;
				ENABLE_TESTABILITY = YES;
				GCC_C_LANGUAGE_STANDARD = gnu99;
				GCC_DYNAMIC_NO_PIC = NO;
				GCC_NO_COMMON_BLOCKS = YES;
				GCC_OPTIMIZATION_LEVEL = 0;
				GCC_PREPROCESSOR_DEFINITIONS = (
					"DEBUG=1",
					"$(inherited)",
				);
				GCC_WARN_64_TO_32_BIT_CONVERSION = YES;
				GCC_WARN_ABOUT_RETURN_TYPE = YES_ERROR;
				GCC_WARN_UNDECLARED_SELECTOR = YES;
				GCC_WARN_UNINITIALIZED_AUTOS = YES_AGGRESSIVE;
				GCC_WARN_UNUSED_FUNCTION = YES;
				GCC_WARN_UNUSED_VARIABLE = YES;
				IPHONEOS_DEPLOYMENT_TARGET = 9.1;
				MTL_ENABLE_DEBUG_INFO = YES;
				ONLY_ACTIVE_ARCH = YES;
				SDKROOT = iphoneos;
			};
			name = Debug;
		};
		01ABFF631BFF0A3E00EEDF8C /* Release */ = {
			isa = XCBuildConfiguration;
			buildSettings = {
				ALWAYS_SEARCH_USER_PATHS = NO;
				CLANG_CXX_LANGUAGE_STANDARD = "gnu++0x";
				CLANG_CXX_LIBRARY = "libc++";
				CLANG_ENABLE_MODULES = YES;
				CLANG_ENABLE_OBJC_ARC = YES;
				CLANG_WARN_BOOL_CONVERSION = YES;
				CLANG_WARN_CONSTANT_CONVERSION = YES;
				CLANG_WARN_DIRECT_OBJC_ISA_USAGE = YES_ERROR;
				CLANG_WARN_EMPTY_BODY = YES;
				CLANG_WARN_ENUM_CONVERSION = YES;
				CLANG_WARN_INT_CONVERSION = YES;
				CLANG_WARN_OBJC_ROOT_CLASS = YES_ERROR;
				CLANG_WARN_UNREACHABLE_CODE = YES;
				CLANG_WARN__DUPLICATE_METHOD_MATCH = YES;
				"CODE_SIGN_IDENTITY[sdk=iphoneos*]" = "iPhone Developer";
				COPY_PHASE_STRIP = NO;
				DEBUG_INFORMATION_FORMAT = "dwarf-with-dsym";
				ENABLE_NS_ASSERTIONS = NO;
				ENABLE_STRICT_OBJC_MSGSEND = YES;
				GCC_C_LANGUAGE_STANDARD = gnu99;
				GCC_NO_COMMON_BLOCKS = YES;
				GCC_WARN_64_TO_32_BIT_CONVERSION = YES;
				GCC_WARN_ABOUT_RETURN_TYPE = YES_ERROR;
				GCC_WARN_UNDECLARED_SELECTOR = YES;
				GCC_WARN_UNINITIALIZED_AUTOS = YES_AGGRESSIVE;
				GCC_WARN_UNUSED_FUNCTION = YES;
				GCC_WARN_UNUSED_VARIABLE = YES;
				IPHONEOS_DEPLOYMENT_TARGET = 9.1;
				MTL_ENABLE_DEBUG_INFO = NO;
				SDKROOT = iphoneos;
				VALIDATE_PRODUCT = YES;
			};
			name = Release;
		};
		01ABFF651BFF0A3E00EEDF8C /* Debug */ = {
			isa = XCBuildConfiguration;
			baseConfigurationReference = 2D5D374875714F82D4B500F9 /* Pods-AXPracticalHUD.debug.xcconfig */;
			buildSettings = {
				ASSETCATALOG_COMPILER_APPICON_NAME = AppIcon;
				CODE_SIGN_IDENTITY = "iPhone Developer";
				DEVELOPMENT_TEAM = TKA48YVS5T;
				INFOPLIST_FILE = AXPracticalHUD/Info.plist;
				LD_RUNPATH_SEARCH_PATHS = "$(inherited) @executable_path/Frameworks";
				PRODUCT_BUNDLE_IDENTIFIER = KEEPStudio.AXPracticalHUD;
				PRODUCT_NAME = "$(TARGET_NAME)";
			};
			name = Debug;
		};
		01ABFF661BFF0A3E00EEDF8C /* Release */ = {
			isa = XCBuildConfiguration;
			baseConfigurationReference = 269C6E62371C72E181B29DD1 /* Pods-AXPracticalHUD.release.xcconfig */;
			buildSettings = {
				ASSETCATALOG_COMPILER_APPICON_NAME = AppIcon;
				CODE_SIGN_IDENTITY = "iPhone Developer";
				DEVELOPMENT_TEAM = TKA48YVS5T;
				INFOPLIST_FILE = AXPracticalHUD/Info.plist;
				LD_RUNPATH_SEARCH_PATHS = "$(inherited) @executable_path/Frameworks";
				PRODUCT_BUNDLE_IDENTIFIER = KEEPStudio.AXPracticalHUD;
				PRODUCT_NAME = "$(TARGET_NAME)";
			};
			name = Release;
		};
		DC99756E1F7E2B71008FD921 /* Debug */ = {
			isa = XCBuildConfiguration;
			buildSettings = {
				CLANG_ANALYZER_NONNULL = YES;
				CLANG_ANALYZER_NUMBER_OBJECT_CONVERSION = YES_AGGRESSIVE;
				CLANG_CXX_LANGUAGE_STANDARD = "gnu++14";
				CLANG_WARN_BLOCK_CAPTURE_AUTORELEASING = YES;
				CLANG_WARN_COMMA = YES;
				CLANG_WARN_DOCUMENTATION_COMMENTS = YES;
				CLANG_WARN_INFINITE_RECURSION = YES;
				CLANG_WARN_NON_LITERAL_NULL_CONVERSION = YES;
				CLANG_WARN_OBJC_LITERAL_CONVERSION = YES;
				CLANG_WARN_RANGE_LOOP_ANALYSIS = YES;
				CLANG_WARN_STRICT_PROTOTYPES = YES;
				CLANG_WARN_SUSPICIOUS_MOVE = YES;
				CLANG_WARN_UNGUARDED_AVAILABILITY = YES_AGGRESSIVE;
				CODE_SIGN_IDENTITY = "iPhone Developer";
				CODE_SIGN_STYLE = Automatic;
				CURRENT_PROJECT_VERSION = 1;
				DEFINES_MODULE = YES;
				DEVELOPMENT_TEAM = TKA48YVS5T;
				DYLIB_COMPATIBILITY_VERSION = 1;
				DYLIB_CURRENT_VERSION = 1;
				DYLIB_INSTALL_NAME_BASE = "@rpath";
				FRAMEWORK_SEARCH_PATHS = (
					"$(inherited)",
					"$(PROJECT_DIR)/Carthage/Build/iOS",
				);
				GCC_C_LANGUAGE_STANDARD = gnu11;
				INFOPLIST_FILE = AXPracticalHUDFramework/Info.plist;
				INSTALL_PATH = "$(LOCAL_LIBRARY_DIR)/Frameworks";
				IPHONEOS_DEPLOYMENT_TARGET = 9.1;
				LD_RUNPATH_SEARCH_PATHS = "$(inherited) @executable_path/Frameworks @loader_path/Frameworks";
				PRODUCT_BUNDLE_IDENTIFIER = devedbox.AXPracticalHUDFramework;
				PRODUCT_NAME = AXPracticalHUD;
				SKIP_INSTALL = YES;
				TARGETED_DEVICE_FAMILY = "1,2";
				VERSIONING_SYSTEM = "apple-generic";
				VERSION_INFO_PREFIX = "";
			};
			name = Debug;
		};
		DC99756F1F7E2B71008FD921 /* Release */ = {
			isa = XCBuildConfiguration;
			buildSettings = {
				CLANG_ANALYZER_NONNULL = YES;
				CLANG_ANALYZER_NUMBER_OBJECT_CONVERSION = YES_AGGRESSIVE;
				CLANG_CXX_LANGUAGE_STANDARD = "gnu++14";
				CLANG_WARN_BLOCK_CAPTURE_AUTORELEASING = YES;
				CLANG_WARN_COMMA = YES;
				CLANG_WARN_DOCUMENTATION_COMMENTS = YES;
				CLANG_WARN_INFINITE_RECURSION = YES;
				CLANG_WARN_NON_LITERAL_NULL_CONVERSION = YES;
				CLANG_WARN_OBJC_LITERAL_CONVERSION = YES;
				CLANG_WARN_RANGE_LOOP_ANALYSIS = YES;
				CLANG_WARN_STRICT_PROTOTYPES = YES;
				CLANG_WARN_SUSPICIOUS_MOVE = YES;
				CLANG_WARN_UNGUARDED_AVAILABILITY = YES_AGGRESSIVE;
				CODE_SIGN_IDENTITY = "iPhone Developer";
				CODE_SIGN_STYLE = Automatic;
				CURRENT_PROJECT_VERSION = 1;
				DEFINES_MODULE = YES;
				DEVELOPMENT_TEAM = TKA48YVS5T;
				DYLIB_COMPATIBILITY_VERSION = 1;
				DYLIB_CURRENT_VERSION = 1;
				DYLIB_INSTALL_NAME_BASE = "@rpath";
				FRAMEWORK_SEARCH_PATHS = (
					"$(inherited)",
					"$(PROJECT_DIR)/Carthage/Build/iOS",
				);
				GCC_C_LANGUAGE_STANDARD = gnu11;
				INFOPLIST_FILE = AXPracticalHUDFramework/Info.plist;
				INSTALL_PATH = "$(LOCAL_LIBRARY_DIR)/Frameworks";
				IPHONEOS_DEPLOYMENT_TARGET = 9.1;
				LD_RUNPATH_SEARCH_PATHS = "$(inherited) @executable_path/Frameworks @loader_path/Frameworks";
				PRODUCT_BUNDLE_IDENTIFIER = devedbox.AXPracticalHUDFramework;
				PRODUCT_NAME = AXPracticalHUD;
				SKIP_INSTALL = YES;
				TARGETED_DEVICE_FAMILY = "1,2";
				VERSIONING_SYSTEM = "apple-generic";
				VERSION_INFO_PREFIX = "";
			};
			name = Release;
		};
/* End XCBuildConfiguration section */

/* Begin XCConfigurationList section */
		01ABFF481BFF0A3E00EEDF8C /* Build configuration list for PBXProject "AXPracticalHUD" */ = {
			isa = XCConfigurationList;
			buildConfigurations = (
				01ABFF621BFF0A3E00EEDF8C /* Debug */,
				01ABFF631BFF0A3E00EEDF8C /* Release */,
			);
			defaultConfigurationIsVisible = 0;
			defaultConfigurationName = Release;
		};
		01ABFF641BFF0A3E00EEDF8C /* Build configuration list for PBXNativeTarget "AXPracticalHUD" */ = {
			isa = XCConfigurationList;
			buildConfigurations = (
				01ABFF651BFF0A3E00EEDF8C /* Debug */,
				01ABFF661BFF0A3E00EEDF8C /* Release */,
			);
			defaultConfigurationIsVisible = 0;
			defaultConfigurationName = Release;
		};
		DC9975701F7E2B71008FD921 /* Build configuration list for PBXNativeTarget "AXPracticalHUDFramework" */ = {
			isa = XCConfigurationList;
			buildConfigurations = (
				DC99756E1F7E2B71008FD921 /* Debug */,
				DC99756F1F7E2B71008FD921 /* Release */,
			);
			defaultConfigurationIsVisible = 0;
			defaultConfigurationName = Release;
		};
/* End XCConfigurationList section */
	};
	rootObject = 01ABFF451BFF0A3E00EEDF8C /* Project object */;
}
